
Microsoft Visual Studio Solution File, Format Version 12.00
# Visual Studio Express 14 for Windows Desktop
VisualStudioVersion = 14.0.23107.0
MinimumVisualStudioVersion = 10.0.40219.1
Project("{8BC9CEB8-8B4A-11D0-8D11-00A0C91BC942}") = "ps3000Con", "ps3000Con\ps3000Con.vcxproj", "{9785C4B5-40F2-4826-B4D3-2E5087ECA36F}"
EndProject
Project("{8BC9CEB8-8B4A-11D0-8D11-00A0C91BC942}") = "ps3000gui", "ps3000Gui\ps3000Gui.vcxproj", "{B5E9FE69-4A81-404D-8995-CA52CF1DFFEA}"
EndProject
Global
	GlobalSection(SolutionConfigurationPlatforms) = preSolution
		Debug|x64 = Debug|x64
		Debug|x86 = Debug|x86
		Release|x64 = Release|x64
		Release|x86 = Release|x86
	EndGlobalSection
	GlobalSection(ProjectConfigurationPlatforms) = postSolution
		{9785C4B5-40F2-4826-B4D3-2E5087ECA36F}.Debug|x64.ActiveCfg = Debug|x64
		{9785C4B5-40F2-4826-B4D3-2E5087ECA36F}.Debug|x64.Build.0 = Debug|x64
		{9785C4B5-40F2-4826-B4D3-2E5087ECA36F}.Debug|x86.ActiveCfg = Debug|Win32
		{9785C4B5-40F2-4826-B4D3-2E5087ECA36F}.Debug|x86.Build.0 = Debug|Win32
		{9785C4B5-40F2-4826-B4D3-2E5087ECA36F}.Release|x64.ActiveCfg = Release|x64
		{9785C4B5-40F2-4826-B4D3-2E5087ECA36F}.Release|x64.Build.0 = Release|x64
		{9785C4B5-40F2-4826-B4D3-2E5087ECA36F}.Release|x86.ActiveCfg = Release|Win32
		{9785C4B5-40F2-4826-B4D3-2E5087ECA36F}.Release|x86.Build.0 = Release|Win32
		{B5E9FE69-4A81-404D-8995-CA52CF1DFFEA}.Debug|x64.ActiveCfg = Debug|x64
		{B5E9FE69-4A81-404D-8995-CA52CF1DFFEA}.Debug|x64.Build.0 = Debug|x64
		{B5E9FE69-4A81-404D-8995-CA52CF1DFFEA}.Debug|x86.ActiveCfg = Debug|Win32
		{B5E9FE69-4A81-404D-8995-CA52CF1DFFEA}.Debug|x86.Build.0 = Debug|Win32
		{B5E9FE69-4A81-404D-8995-CA52CF1DFFEA}.Release|x64.ActiveCfg = Release|x64
		{B5E9FE69-4A81-404D-8995-CA52CF1DFFEA}.Release|x64.Build.0 = Release|x64
		{B5E9FE69-4A81-404D-8995-CA52CF1DFFEA}.Release|x86.ActiveCfg = Release|Win32
		{B5E9FE69-4A81-404D-8995-CA52CF1DFFEA}.Release|x86.Build.0 = Release|Win32
	EndGlobalSection
	GlobalSection(SolutionProperties) = preSolution
		HideSolutionNode = FALSE
	EndGlobalSection
EndGlobal
