
Microsoft Visual Studio Solution File, Format Version 12.00
# Visual Studio Version 17
VisualStudioVersion = 17.5.33627.172
MinimumVisualStudioVersion = 10.0.40219.1
Project("{8BC9CEB8-8B4A-11D0-8D11-00A0C91BC942}") = "ps6000aStreaming", "ps6000aStreaming\ps6000aStreaming.vcxproj", "{481F9863-B30E-411C-B3E8-1FBF07882C2A}"
EndProject
Project("{8BC9CEB8-8B4A-11D0-8D11-00A0C91BC942}") = "ps6000aBlock", "ps6000aBlock\ps6000aBlock.vcxproj", "{E00E861E-DEA5-4D8A-99F6-FB8005D445AA}"
EndProject
Project("{8BC9CEB8-8B4A-11D0-8D11-00A0C91BC942}") = "ps6000aRapidBlock", "ps6000aRapidBlock\ps6000aRapidBlock.vcxproj", "{084191B1-BF30-4B50-A9B2-0EED5C2F965C}"
EndProject
Global
	GlobalSection(SolutionConfigurationPlatforms) = preSolution
		Debug|x64 = Debug|x64
		Debug|x86 = Debug|x86
		Release|x64 = Release|x64
		Release|x86 = Release|x86
	EndGlobalSection
	GlobalSection(ProjectConfigurationPlatforms) = postSolution
		{481F9863-B30E-411C-B3E8-1FBF07882C2A}.Debug|x64.ActiveCfg = Debug|x64
		{481F9863-B30E-411C-B3E8-1FBF07882C2A}.Debug|x64.Build.0 = Debug|x64
		{481F9863-B30E-411C-B3E8-1FBF07882C2A}.Debug|x86.ActiveCfg = Debug|Win32
		{481F9863-B30E-411C-B3E8-1FBF07882C2A}.Debug|x86.Build.0 = Debug|Win32
		{481F9863-B30E-411C-B3E8-1FBF07882C2A}.Release|x64.ActiveCfg = Release|x64
		{481F9863-B30E-411C-B3E8-1FBF07882C2A}.Release|x64.Build.0 = Release|x64
		{481F9863-B30E-411C-B3E8-1FBF07882C2A}.Release|x86.ActiveCfg = Release|Win32
		{481F9863-B30E-411C-B3E8-1FBF07882C2A}.Release|x86.Build.0 = Release|Win32
		{E00E861E-DEA5-4D8A-99F6-FB8005D445AA}.Debug|x64.ActiveCfg = Debug|x64
		{E00E861E-DEA5-4D8A-99F6-FB8005D445AA}.Debug|x64.Build.0 = Debug|x64
		{E00E861E-DEA5-4D8A-99F6-FB8005D445AA}.Debug|x86.ActiveCfg = Debug|Win32
		{E00E861E-DEA5-4D8A-99F6-FB8005D445AA}.Debug|x86.Build.0 = Debug|Win32
		{E00E861E-DEA5-4D8A-99F6-FB8005D445AA}.Release|x64.ActiveCfg = Release|x64
		{E00E861E-DEA5-4D8A-99F6-FB8005D445AA}.Release|x64.Build.0 = Release|x64
		{E00E861E-DEA5-4D8A-99F6-FB8005D445AA}.Release|x86.ActiveCfg = Release|Win32
		{E00E861E-DEA5-4D8A-99F6-FB8005D445AA}.Release|x86.Build.0 = Release|Win32
		{084191B1-BF30-4B50-A9B2-0EED5C2F965C}.Debug|x64.ActiveCfg = Debug|x64
		{084191B1-BF30-4B50-A9B2-0EED5C2F965C}.Debug|x64.Build.0 = Debug|x64
		{084191B1-BF30-4B50-A9B2-0EED5C2F965C}.Debug|x86.ActiveCfg = Debug|Win32
		{084191B1-BF30-4B50-A9B2-0EED5C2F965C}.Debug|x86.Build.0 = Debug|Win32
		{084191B1-BF30-4B50-A9B2-0EED5C2F965C}.Release|x64.ActiveCfg = Release|x64
		{084191B1-BF30-4B50-A9B2-0EED5C2F965C}.Release|x64.Build.0 = Release|x64
		{084191B1-BF30-4B50-A9B2-0EED5C2F965C}.Release|x86.ActiveCfg = Release|Win32
		{084191B1-BF30-4B50-A9B2-0EED5C2F965C}.Release|x86.Build.0 = Release|Win32
	EndGlobalSection
	GlobalSection(SolutionProperties) = preSolution
		HideSolutionNode = FALSE
	EndGlobalSection
	GlobalSection(ExtensibilityGlobals) = postSolution
		SolutionGuid = {6EAAAD46-EC19-4E0A-97E2-DFBB058D5C61}
	EndGlobalSection
EndGlobal
