Microsoft Visual Studio Solution File, Format Version 12.00
# Visual Studio Version 17
VisualStudioVersion = 17.5.33627.172
MinimumVisualStudioVersion = 10.0.40219.1
Project("{8BC9CEB8-8B4A-11D0-8D11-00A0C91BC942}") = "ps4000aBlock", "ps4000aBlock\ps4000aBlock.vcxproj", "{E00E861E-DEA5-4D8A-99F6-FB8005D445AA}"
EndProject
Project("{8BC9CEB8-8B4A-11D0-8D11-00A0C91BC942}") = "ps4000aRapidBlock", "ps4000aRapidBlock\ps4000aRapidBlock.vcxproj", "{084191B1-BF30-4B50-A9B2-0EED5C2F965C}"
EndProject
Project("{8BC9CEB8-8B4A-11D0-8D11-00A0C91BC942}") = "ps4000aAWG", "ps4000aAWG\ps4000aAWG.vcxproj", "{C200CC62-A50F-4B96-B061-8533EE7A8A0D}"
EndProject
Project("{8BC9CEB8-8B4A-11D0-8D11-00A0C91BC942}") = "ps4000aStreaming", "ps4000aStreaming\ps4000aStreaming.vcxproj", "{481F9863-B30E-411C-B3E8-1FBF07882C2A}"
EndProject
Project("{8BC9CEB8-8B4A-11D0-8D11-00A0C91BC942}") = "ps4000aTemplate", "ps4000aTemplate\ps4000aTemplate.vcxproj", "{C9B36CB3-7552-4036-8D9A-66D2F63CCBE6}"
EndProject
Global
	GlobalSection(SolutionConfigurationPlatforms) = preSolution
		Debug|Win32 = Debug|Win32
		Debug|x64 = Debug|x64
		Debug|x86 = Debug|x86
		Debug|x86BAD = Debug|x86BAD
		Release|Win32 = Release|Win32
		Release|x64 = Release|x64
		Release|x86 = Release|x86
		Release|x86BAD = Release|x86BAD
	EndGlobalSection
	GlobalSection(ProjectConfigurationPlatforms) = postSolution
		{E00E861E-DEA5-4D8A-99F6-FB8005D445AA}.Debug|Win32.ActiveCfg = Debug|Win32
		{E00E861E-DEA5-4D8A-99F6-FB8005D445AA}.Debug|Win32.Build.0 = Debug|Win32
		{E00E861E-DEA5-4D8A-99F6-FB8005D445AA}.Debug|x64.ActiveCfg = Debug|x64
		{E00E861E-DEA5-4D8A-99F6-FB8005D445AA}.Debug|x64.Build.0 = Debug|x64
		{E00E861E-DEA5-4D8A-99F6-FB8005D445AA}.Debug|x86.ActiveCfg = Debug|Win32
		{E00E861E-DEA5-4D8A-99F6-FB8005D445AA}.Debug|x86.Build.0 = Debug|Win32
		{E00E861E-DEA5-4D8A-99F6-FB8005D445AA}.Debug|x86BAD.ActiveCfg = Debug|Win32
		{E00E861E-DEA5-4D8A-99F6-FB8005D445AA}.Debug|x86BAD.Build.0 = Debug|Win32
		{E00E861E-DEA5-4D8A-99F6-FB8005D445AA}.Release|Win32.ActiveCfg = Release|Win32
		{E00E861E-DEA5-4D8A-99F6-FB8005D445AA}.Release|Win32.Build.0 = Release|Win32
		{E00E861E-DEA5-4D8A-99F6-FB8005D445AA}.Release|x64.ActiveCfg = Release|x64
		{E00E861E-DEA5-4D8A-99F6-FB8005D445AA}.Release|x64.Build.0 = Release|x64
		{E00E861E-DEA5-4D8A-99F6-FB8005D445AA}.Release|x86.ActiveCfg = Release|Win32
		{E00E861E-DEA5-4D8A-99F6-FB8005D445AA}.Release|x86.Build.0 = Release|Win32
		{E00E861E-DEA5-4D8A-99F6-FB8005D445AA}.Release|x86BAD.ActiveCfg = Release|Win32
		{E00E861E-DEA5-4D8A-99F6-FB8005D445AA}.Release|x86BAD.Build.0 = Release|Win32
		{084191B1-BF30-4B50-A9B2-0EED5C2F965C}.Debug|Win32.ActiveCfg = Debug|Win32
		{084191B1-BF30-4B50-A9B2-0EED5C2F965C}.Debug|Win32.Build.0 = Debug|Win32
		{084191B1-BF30-4B50-A9B2-0EED5C2F965C}.Debug|x64.ActiveCfg = Debug|x64
		{084191B1-BF30-4B50-A9B2-0EED5C2F965C}.Debug|x64.Build.0 = Debug|x64
		{084191B1-BF30-4B50-A9B2-0EED5C2F965C}.Debug|x86.ActiveCfg = Debug|Win32
		{084191B1-BF30-4B50-A9B2-0EED5C2F965C}.Debug|x86.Build.0 = Debug|Win32
		{084191B1-BF30-4B50-A9B2-0EED5C2F965C}.Debug|x86BAD.ActiveCfg = Debug|x64
		{084191B1-BF30-4B50-A9B2-0EED5C2F965C}.Debug|x86BAD.Build.0 = Debug|x64
		{084191B1-BF30-4B50-A9B2-0EED5C2F965C}.Release|Win32.ActiveCfg = Release|Win32
		{084191B1-BF30-4B50-A9B2-0EED5C2F965C}.Release|Win32.Build.0 = Release|Win32
		{084191B1-BF30-4B50-A9B2-0EED5C2F965C}.Release|x64.ActiveCfg = Release|x64
		{084191B1-BF30-4B50-A9B2-0EED5C2F965C}.Release|x64.Build.0 = Release|x64
		{084191B1-BF30-4B50-A9B2-0EED5C2F965C}.Release|x86.ActiveCfg = Release|Win32
		{084191B1-BF30-4B50-A9B2-0EED5C2F965C}.Release|x86.Build.0 = Release|Win32
		{084191B1-BF30-4B50-A9B2-0EED5C2F965C}.Release|x86BAD.ActiveCfg = Release|x64
		{084191B1-BF30-4B50-A9B2-0EED5C2F965C}.Release|x86BAD.Build.0 = Release|x64
		{C200CC62-A50F-4B96-B061-8533EE7A8A0D}.Debug|Win32.ActiveCfg = Debug|Win32
		{C200CC62-A50F-4B96-B061-8533EE7A8A0D}.Debug|Win32.Build.0 = Debug|Win32
		{C200CC62-A50F-4B96-B061-8533EE7A8A0D}.Debug|x64.ActiveCfg = Debug|x64
		{C200CC62-A50F-4B96-B061-8533EE7A8A0D}.Debug|x64.Build.0 = Debug|x64
		{C200CC62-A50F-4B96-B061-8533EE7A8A0D}.Debug|x86.ActiveCfg = Debug|Win32
		{C200CC62-A50F-4B96-B061-8533EE7A8A0D}.Debug|x86.Build.0 = Debug|Win32
		{C200CC62-A50F-4B96-B061-8533EE7A8A0D}.Debug|x86BAD.ActiveCfg = Debug|x64
		{C200CC62-A50F-4B96-B061-8533EE7A8A0D}.Debug|x86BAD.Build.0 = Debug|x64
		{C200CC62-A50F-4B96-B061-8533EE7A8A0D}.Release|Win32.ActiveCfg = Release|Win32
		{C200CC62-A50F-4B96-B061-8533EE7A8A0D}.Release|Win32.Build.0 = Release|Win32
		{C200CC62-A50F-4B96-B061-8533EE7A8A0D}.Release|x64.ActiveCfg = Release|x64
		{C200CC62-A50F-4B96-B061-8533EE7A8A0D}.Release|x64.Build.0 = Release|x64
		{C200CC62-A50F-4B96-B061-8533EE7A8A0D}.Release|x86.ActiveCfg = Release|Win32
		{C200CC62-A50F-4B96-B061-8533EE7A8A0D}.Release|x86.Build.0 = Release|Win32
		{C200CC62-A50F-4B96-B061-8533EE7A8A0D}.Release|x86BAD.ActiveCfg = Release|x64
		{C200CC62-A50F-4B96-B061-8533EE7A8A0D}.Release|x86BAD.Build.0 = Release|x64
		{481F9863-B30E-411C-B3E8-1FBF07882C2A}.Debug|Win32.ActiveCfg = Debug|Win32
		{481F9863-B30E-411C-B3E8-1FBF07882C2A}.Debug|Win32.Build.0 = Debug|Win32
		{481F9863-B30E-411C-B3E8-1FBF07882C2A}.Debug|x64.ActiveCfg = Debug|x64
		{481F9863-B30E-411C-B3E8-1FBF07882C2A}.Debug|x64.Build.0 = Debug|x64
		{481F9863-B30E-411C-B3E8-1FBF07882C2A}.Debug|x86.ActiveCfg = Debug|Win32
		{481F9863-B30E-411C-B3E8-1FBF07882C2A}.Debug|x86.Build.0 = Debug|Win32
		{481F9863-B30E-411C-B3E8-1FBF07882C2A}.Debug|x86BAD.ActiveCfg = Debug|x64
		{481F9863-B30E-411C-B3E8-1FBF07882C2A}.Debug|x86BAD.Build.0 = Debug|x64
		{481F9863-B30E-411C-B3E8-1FBF07882C2A}.Release|Win32.ActiveCfg = Release|Win32
		{481F9863-B30E-411C-B3E8-1FBF07882C2A}.Release|Win32.Build.0 = Release|Win32
		{481F9863-B30E-411C-B3E8-1FBF07882C2A}.Release|x64.ActiveCfg = Release|x64
		{481F9863-B30E-411C-B3E8-1FBF07882C2A}.Release|x64.Build.0 = Release|x64
		{481F9863-B30E-411C-B3E8-1FBF07882C2A}.Release|x86.ActiveCfg = Release|Win32
		{481F9863-B30E-411C-B3E8-1FBF07882C2A}.Release|x86.Build.0 = Release|Win32
		{481F9863-B30E-411C-B3E8-1FBF07882C2A}.Release|x86BAD.ActiveCfg = Release|x64
		{481F9863-B30E-411C-B3E8-1FBF07882C2A}.Release|x86BAD.Build.0 = Release|x64
		{C9B36CB3-7552-4036-8D9A-66D2F63CCBE6}.Debug|Win32.ActiveCfg = Debug|Win32
		{C9B36CB3-7552-4036-8D9A-66D2F63CCBE6}.Debug|Win32.Build.0 = Debug|Win32
		{C9B36CB3-7552-4036-8D9A-66D2F63CCBE6}.Debug|x64.ActiveCfg = Debug|x64
		{C9B36CB3-7552-4036-8D9A-66D2F63CCBE6}.Debug|x64.Build.0 = Debug|x64
		{C9B36CB3-7552-4036-8D9A-66D2F63CCBE6}.Debug|x86.ActiveCfg = Debug|Win32
		{C9B36CB3-7552-4036-8D9A-66D2F63CCBE6}.Debug|x86.Build.0 = Debug|Win32
		{C9B36CB3-7552-4036-8D9A-66D2F63CCBE6}.Debug|x86BAD.ActiveCfg = Debug|x64
		{C9B36CB3-7552-4036-8D9A-66D2F63CCBE6}.Debug|x86BAD.Build.0 = Debug|x64
		{C9B36CB3-7552-4036-8D9A-66D2F63CCBE6}.Release|Win32.ActiveCfg = Release|Win32
		{C9B36CB3-7552-4036-8D9A-66D2F63CCBE6}.Release|Win32.Build.0 = Release|Win32
		{C9B36CB3-7552-4036-8D9A-66D2F63CCBE6}.Release|x64.ActiveCfg = Release|x64
		{C9B36CB3-7552-4036-8D9A-66D2F63CCBE6}.Release|x64.Build.0 = Release|x64
		{C9B36CB3-7552-4036-8D9A-66D2F63CCBE6}.Release|x86.ActiveCfg = Release|Win32
		{C9B36CB3-7552-4036-8D9A-66D2F63CCBE6}.Release|x86.Build.0 = Release|Win32
		{C9B36CB3-7552-4036-8D9A-66D2F63CCBE6}.Release|x86BAD.ActiveCfg = Release|x64
		{C9B36CB3-7552-4036-8D9A-66D2F63CCBE6}.Release|x86BAD.Build.0 = Release|x64
	EndGlobalSection
	GlobalSection(SolutionProperties) = preSolution
		HideSolutionNode = FALSE
	EndGlobalSection
	GlobalSection(ExtensibilityGlobals) = postSolution
		SolutionGuid = {6EAAAD46-EC19-4E0A-97E2-DFBB058D5C61}
	EndGlobalSection
EndGlobal
