
Microsoft Visual Studio Solution File, Format Version 12.00
# Visual Studio Express 14 for Windows Desktop
VisualStudioVersion = 14.0.23107.0
MinimumVisualStudioVersion = 10.0.40219.1
Project("{8BC9CEB8-8B4A-11D0-8D11-00A0C91BC942}") = "ps2000Con", "ps2000Con\ps2000Con.vcxproj", "{8C7D92D3-9E5B-42E5-AB3A-6B9C1181E793}"
EndProject
Project("{8BC9CEB8-8B4A-11D0-8D11-00A0C91BC942}") = "ps2000Gui", "ps2000Gui\ps2000Gui.vcxproj", "{B5E9FE69-4A81-404D-8995-CA52CF1DFFEA}"
EndProject
Global
	GlobalSection(SolutionConfigurationPlatforms) = preSolution
		Debug|x64 = Debug|x64
		Debug|x86 = Debug|x86
		Release|x64 = Release|x64
		Release|x86 = Release|x86
	EndGlobalSection
	GlobalSection(ProjectConfigurationPlatforms) = postSolution
		{8C7D92D3-9E5B-42E5-AB3A-6B9C1181E793}.Debug|x64.ActiveCfg = Debug|x64
		{8C7D92D3-9E5B-42E5-AB3A-6B9C1181E793}.Debug|x64.Build.0 = Debug|x64
		{8C7D92D3-9E5B-42E5-AB3A-6B9C1181E793}.Debug|x86.ActiveCfg = Debug|Win32
		{8C7D92D3-9E5B-42E5-AB3A-6B9C1181E793}.Debug|x86.Build.0 = Debug|Win32
		{8C7D92D3-9E5B-42E5-AB3A-6B9C1181E793}.Release|x64.ActiveCfg = Release|x64
		{8C7D92D3-9E5B-42E5-AB3A-6B9C1181E793}.Release|x64.Build.0 = Release|x64
		{8C7D92D3-9E5B-42E5-AB3A-6B9C1181E793}.Release|x86.ActiveCfg = Release|Win32
		{8C7D92D3-9E5B-42E5-AB3A-6B9C1181E793}.Release|x86.Build.0 = Release|Win32
		{B5E9FE69-4A81-404D-8995-CA52CF1DFFEA}.Debug|x64.ActiveCfg = Debug|x64
		{B5E9FE69-4A81-404D-8995-CA52CF1DFFEA}.Debug|x64.Build.0 = Debug|x64
		{B5E9FE69-4A81-404D-8995-CA52CF1DFFEA}.Debug|x86.ActiveCfg = Debug|Win32
		{B5E9FE69-4A81-404D-8995-CA52CF1DFFEA}.Debug|x86.Build.0 = Debug|Win32
		{B5E9FE69-4A81-404D-8995-CA52CF1DFFEA}.Release|x64.ActiveCfg = Release|x64
		{B5E9FE69-4A81-404D-8995-CA52CF1DFFEA}.Release|x64.Build.0 = Release|x64
		{B5E9FE69-4A81-404D-8995-CA52CF1DFFEA}.Release|x86.ActiveCfg = Release|Win32
		{B5E9FE69-4A81-404D-8995-CA52CF1DFFEA}.Release|x86.Build.0 = Release|Win32
	EndGlobalSection
	GlobalSection(SolutionProperties) = preSolution
		HideSolutionNode = FALSE
	EndGlobalSection
EndGlobal
